
Microsoft Visual Studio Solution File, Format Version 12.00
# Visual Studio Version 17
VisualStudioVersion = 17.5.002.0
MinimumVisualStudioVersion = 10.0.40219.1
Project("{2150E333-8FDC-42A3-9474-1A3956D46DE8}") = "semana3", "semana3", "{82081372-E333-4B54-B239-304DE1D5CDCB}"
EndProject
Project("{9A19103F-16F7-4668-BE54-9A1E7A4F7556}") = "pratica3", "semana3\pratica3\pratica3.csproj", "{8AF64D27-CCB8-4FB4-B004-C5B6F49A0DF0}"
EndProject
Project("{2150E333-8FDC-42A3-9474-1A3956D46DE8}") = "semana2", "semana2", "{2E5252C8-823B-426B-8D75-86E24C26C34D}"
EndProject
Project("{9A19103F-16F7-4668-BE54-9A1E7A4F7556}") = "pratica2", "semana2\pratica2\pratica2.csproj", "{ABDA6921-3A2B-42AA-9CC1-4D1CA2C171BF}"
EndProject
Project("{2150E333-8FDC-42A3-9474-1A3956D46DE8}") = "semana1", "semana1", "{CCFE304A-7E38-4591-89EA-3D9989A19CE4}"
EndProject
Project("{9A19103F-16F7-4668-BE54-9A1E7A4F7556}") = "MeuProjeto", "semana1\MeuProjeto\MeuProjeto.csproj", "{D1E9FCCF-EC61-43C7-B446-6A59D9FF6433}"
EndProject
Project("{2150E333-8FDC-42A3-9474-1A3956D46DE8}") = "atvEmSala", "atvEmSala", "{5BCABCF9-06FC-4B30-8D1B-B5DC2773B820}"
EndProject
Project("{9A19103F-16F7-4668-BE54-9A1E7A4F7556}") = "aula23_11", "semana3\atvEmSala\aula23_11\aula23_11.csproj", "{9B6A4680-001C-4261-ADA5-B41AADF04FD6}"
EndProject
Project("{9A19103F-16F7-4668-BE54-9A1E7A4F7556}") = "aula23_11_exec", "semana3\atvEmSala\aula23_11_exec\aula23_11_exec.csproj", "{CA37CB8B-8522-42C2-B5D8-B28329930B36}"
EndProject
Project("{2150E333-8FDC-42A3-9474-1A3956D46DE8}") = "atvEmSala", "atvEmSala", "{2013F649-C688-4A93-9642-427ECA755FDC}"
EndProject
Project("{9A19103F-16F7-4668-BE54-9A1E7A4F7556}") = "aula1611", "semana2\atvEmSala\aula1611\aula1611.csproj", "{8DA36248-247C-449A-9F92-652EF7B73351}"
EndProject
Global
	GlobalSection(SolutionConfigurationPlatforms) = preSolution
		Debug|Any CPU = Debug|Any CPU
		Release|Any CPU = Release|Any CPU
	EndGlobalSection
	GlobalSection(ProjectConfigurationPlatforms) = postSolution
		{8AF64D27-CCB8-4FB4-B004-C5B6F49A0DF0}.Debug|Any CPU.ActiveCfg = Debug|Any CPU
		{8AF64D27-CCB8-4FB4-B004-C5B6F49A0DF0}.Debug|Any CPU.Build.0 = Debug|Any CPU
		{8AF64D27-CCB8-4FB4-B004-C5B6F49A0DF0}.Release|Any CPU.ActiveCfg = Release|Any CPU
		{8AF64D27-CCB8-4FB4-B004-C5B6F49A0DF0}.Release|Any CPU.Build.0 = Release|Any CPU
		{ABDA6921-3A2B-42AA-9CC1-4D1CA2C171BF}.Debug|Any CPU.ActiveCfg = Debug|Any CPU
		{ABDA6921-3A2B-42AA-9CC1-4D1CA2C171BF}.Debug|Any CPU.Build.0 = Debug|Any CPU
		{ABDA6921-3A2B-42AA-9CC1-4D1CA2C171BF}.Release|Any CPU.ActiveCfg = Release|Any CPU
		{ABDA6921-3A2B-42AA-9CC1-4D1CA2C171BF}.Release|Any CPU.Build.0 = Release|Any CPU
		{D1E9FCCF-EC61-43C7-B446-6A59D9FF6433}.Debug|Any CPU.ActiveCfg = Debug|Any CPU
		{D1E9FCCF-EC61-43C7-B446-6A59D9FF6433}.Debug|Any CPU.Build.0 = Debug|Any CPU
		{D1E9FCCF-EC61-43C7-B446-6A59D9FF6433}.Release|Any CPU.ActiveCfg = Release|Any CPU
		{D1E9FCCF-EC61-43C7-B446-6A59D9FF6433}.Release|Any CPU.Build.0 = Release|Any CPU
		{9B6A4680-001C-4261-ADA5-B41AADF04FD6}.Debug|Any CPU.ActiveCfg = Debug|Any CPU
		{9B6A4680-001C-4261-ADA5-B41AADF04FD6}.Debug|Any CPU.Build.0 = Debug|Any CPU
		{9B6A4680-001C-4261-ADA5-B41AADF04FD6}.Release|Any CPU.ActiveCfg = Release|Any CPU
		{9B6A4680-001C-4261-ADA5-B41AADF04FD6}.Release|Any CPU.Build.0 = Release|Any CPU
		{CA37CB8B-8522-42C2-B5D8-B28329930B36}.Debug|Any CPU.ActiveCfg = Debug|Any CPU
		{CA37CB8B-8522-42C2-B5D8-B28329930B36}.Debug|Any CPU.Build.0 = Debug|Any CPU
		{CA37CB8B-8522-42C2-B5D8-B28329930B36}.Release|Any CPU.ActiveCfg = Release|Any CPU
		{CA37CB8B-8522-42C2-B5D8-B28329930B36}.Release|Any CPU.Build.0 = Release|Any CPU
		{8DA36248-247C-449A-9F92-652EF7B73351}.Debug|Any CPU.ActiveCfg = Debug|Any CPU
		{8DA36248-247C-449A-9F92-652EF7B73351}.Debug|Any CPU.Build.0 = Debug|Any CPU
		{8DA36248-247C-449A-9F92-652EF7B73351}.Release|Any CPU.ActiveCfg = Release|Any CPU
		{8DA36248-247C-449A-9F92-652EF7B73351}.Release|Any CPU.Build.0 = Release|Any CPU
	EndGlobalSection
	GlobalSection(SolutionProperties) = preSolution
		HideSolutionNode = FALSE
	EndGlobalSection
	GlobalSection(NestedProjects) = preSolution
		{8AF64D27-CCB8-4FB4-B004-C5B6F49A0DF0} = {82081372-E333-4B54-B239-304DE1D5CDCB}
		{ABDA6921-3A2B-42AA-9CC1-4D1CA2C171BF} = {2E5252C8-823B-426B-8D75-86E24C26C34D}
		{D1E9FCCF-EC61-43C7-B446-6A59D9FF6433} = {CCFE304A-7E38-4591-89EA-3D9989A19CE4}
		{5BCABCF9-06FC-4B30-8D1B-B5DC2773B820} = {82081372-E333-4B54-B239-304DE1D5CDCB}
		{9B6A4680-001C-4261-ADA5-B41AADF04FD6} = {5BCABCF9-06FC-4B30-8D1B-B5DC2773B820}
		{CA37CB8B-8522-42C2-B5D8-B28329930B36} = {5BCABCF9-06FC-4B30-8D1B-B5DC2773B820}
		{2013F649-C688-4A93-9642-427ECA755FDC} = {2E5252C8-823B-426B-8D75-86E24C26C34D}
		{8DA36248-247C-449A-9F92-652EF7B73351} = {2013F649-C688-4A93-9642-427ECA755FDC}
	EndGlobalSection
	GlobalSection(ExtensibilityGlobals) = postSolution
		SolutionGuid = {50725D46-06EC-47AA-B9B4-E8C32FC8FFF6}
	EndGlobalSection
EndGlobal
